version = 1
revision = 3
requires-python = ">=3.12"

[[package]]
name = "game"
version = "0.1.0"
source = { editable = "." }
dependencies = [
    { name = "pygame-ce" },
]

[package.dev-dependencies]
dev = [
    { name = "pygbag" },
    { name = "ruff" },
]

[package.metadata]
requires-dist = [{ name = "pygame-ce", specifier = ">=2.5.7" }]

[package.metadata.requires-dev]
dev = [
    { name = "pygbag", specifier = "==0.9.2" },
    { name = "ruff", specifier = ">=0.16.1" },
]

[[package]]
name = "pygame-ce"
version = "2.5.7"
source = { registry = "https://pypi.org/simple" }
sdist = { url = "https://files.pythonhosted.org/packages/e9/0d/bb6a6fdf1b227c0bb9a44437a70962a3854bcc541533c261e5021a5ee691/pygame_ce-2.5.7.tar.gz", hash = "sha256:86beb797cd73c141299a29b56f7df2b0543fbdc81d428022458329ff694aaa51", size = 5935870, upload-time = "2026-03-02T09:26:59.005Z" }
wheels = [
    { url = "https://files.pythonhosted.org/packages/57/a7/cd305034f505bfa1a1acdafd3d86af54da14b29151a0d99f348306272773/pygame_ce-2.5.7-cp312-cp312-macosx_10_13_universal2.whl", hash = "sha256:dca2f8ba56bf3b4b8c73c4863d0603773403f4f66bc2fe25784ea74aee3fffc3", size = 17210332, upload-time = "2026-03-02T09:25:52.18Z" },
    { url = "https://files.pythonhosted.org/packages/e5/94/7f6304a31ccc7d11d4443e590cbfa6fce2bd34077575a7790d4f0a14f440/pygame_ce-2.5.7-cp312-cp312-manylinux2014_aarch64.manylinux_2_17_aarch64.whl", hash = "sha256:4dc989462faf2c5947881f708fa406d7ac13c1bc987c1588d630ca62ad369989", size = 12709001, upload-time = "2026-03-02T09:25:54.806Z" },
    { url = "https://files.pythonhosted.org/packages/09/8b/a7886b7bfe874fa381201ee538928af3c1cab2fe3e36927ed08f3f1d0b61/pygame_ce-2.5.7-cp312-cp312-manylinux2014_i686.manylinux_2_17_i686.whl", hash = "sha256:538689d77c44f5dbefc0abeab5b9806d6c90ebc6d64078736c8a4c731f08b37e", size = 13236706, upload-time = "2026-03-02T09:25:57.524Z" },
    { url = "https://files.pythonhosted.org/packages/db/17/70ada4cef84eca48a995cc9e0f2f087e6190b3e4111e9c8ec3c7a8f689bd/pygame_ce-2.5.7-cp312-cp312-manylinux2014_x86_64.manylinux_2_17_x86_64.whl", hash = "sha256:0d8fa8822c0f4b5ae6b44ada7be9f2193fd512da1381c37fa3c5bda8971d64cb", size = 12812909, upload-time = "2026-03-02T09:25:59.971Z" },
    { url = "https://files.pythonhosted.org/packages/40/db/1cfcfb7813ce6d2202919ad87c7e1b278a4f820902ba826df43dc8906e34/pygame_ce-2.5.7-cp312-cp312-win32.whl", hash = "sha256:604207c8813a594919bb7e6d3ed3834f79aa099d2d648e8a8fc3d786ad3fa1c8", size = 9837595, upload-time = "2026-03-02T09:26:02.573Z" },
    { url = "https://files.pythonhosted.org/packages/1f/d4/43b006affa13e2f4572aa28a0d1f64c91c330d289c30a022b5416245714c/pygame_ce-2.5.7-cp312-cp312-win_amd64.whl", hash = "sha256:b6b7eec2779fac11ed265a18ab926b3829654120a5c9a07c36eeedeb012b8c3c", size = 10414958, upload-time = "2026-03-02T09:26:05.25Z" },
    { url = "https://files.pythonhosted.org/packages/18/1b/971a432d8bab8c52031ddbd0e681750a57348213ec0f8a0e0d6713e8df46/pygame_ce-2.5.7-cp312-cp312-win_arm64.whl", hash = "sha256:eb99a8a7185057064163610b3ca3e1d3307f0eb3dfff6e19556fa5132c6bca87", size = 10859829, upload-time = "2026-03-02T09:26:08.06Z" },
    { url = "https://files.pythonhosted.org/packages/21/96/d28381210ec2ed5d7a04f77cd8f6949a7734f75a7a7d9a95fe8ed60fe3ba/pygame_ce-2.5.7-cp313-cp313-macosx_10_13_universal2.whl", hash = "sha256:8766985d802017e150fcfb9adc659967d8548a961d491b8974f0748412cc0427", size = 17203240, upload-time = "2026-03-02T09:26:10.975Z" },
    { url = "https://files.pythonhosted.org/packages/b8/f0/a3e4d0ad2519d106d178652ae7ec692e8acadf3d2260493840c27f8eabb8/pygame_ce-2.5.7-cp313-cp313-manylinux2014_aarch64.manylinux_2_17_aarch64.whl", hash = "sha256:58eabfc184dd28c682e5e6ccfce01224bb12653c6648babcd0bb9d9bd662d938", size = 12705532, upload-time = "2026-03-02T09:26:13.795Z" },
    { url = "https://files.pythonhosted.org/packages/13/0d/6d6c29aa5ecf63a66983bdf04066dc019290e7412f64b0ae5133c5e53d47/pygame_ce-2.5.7-cp313-cp313-manylinux2014_i686.manylinux_2_17_i686.whl", hash = "sha256:92d5732cd512c8ec0b47e9a3e6c683fb811bdf2090362580778ce698222a64ab", size = 13233559, upload-time = "2026-03-02T09:26:16.202Z" },
    { url = "https://files.pythonhosted.org/packages/fe/96/e400d3a2c6456e3a334d9fae1f8704d964027b60064935278028dd79293f/pygame_ce-2.5.7-cp313-cp313-manylinux2014_x86_64.manylinux_2_17_x86_64.whl", hash = "sha256:48e9a4ece43b08adc8ffb0bbbe0fe183eef4bb501a7d31552ae7398592ec0a82", size = 12811409, upload-time = "2026-03-02T09:26:19.148Z" },
    { url = "https://files.pythonhosted.org/packages/8f/ed/8e3c6f5d4ac763f6766c2043f842b2c52028b30a4ce2ce2f5dced5961354/pygame_ce-2.5.7-cp313-cp313-win32.whl", hash = "sha256:f6439100bdee81da96f5acffb280f20511c93dd67178d8a8cf29d6cfd1aa46dd", size = 9835553, upload-time = "2026-03-02T09:26:22.123Z" },
    { url = "https://files.pythonhosted.org/packages/06/a0/7acd164b3a206327bf53df5e5399227a5baf858ae2944cba562a0ae77e0a/pygame_ce-2.5.7-cp313-cp313-win_amd64.whl", hash = "sha256:25047c97760fc640a6a8bbfdf3398c5825adfd55986a7523a65c95a1fb61d759", size = 10413012, upload-time = "2026-03-02T09:26:24.747Z" },
    { url = "https://files.pythonhosted.org/packages/47/d5/e4419a340ae24bd0dde5a6861406c24114f59a543aad44f1d2f2ae4752d5/pygame_ce-2.5.7-cp313-cp313-win_arm64.whl", hash = "sha256:f5a7197096ef82d588539f13b0f7ade767f800c7b0b015a94e386f488e1039f6", size = 10856939, upload-time = "2026-03-02T09:26:27.107Z" },
    { url = "https://files.pythonhosted.org/packages/26/08/9fe0003d69077ff8faff242a85260b8a192d3b7111c02332b8b2f515d40c/pygame_ce-2.5.7-cp314-cp314-macosx_10_15_universal2.whl", hash = "sha256:addfbf7d119647eec157d611f463e5d572836fa74d0d222c59210294ed618b9d", size = 17211017, upload-time = "2026-03-02T09:26:30.243Z" },
    { url = "https://files.pythonhosted.org/packages/40/c7/217c5430c8c612879162beb2d18cb10ad8b1b4db6ce03245289a3de6bc1b/pygame_ce-2.5.7-cp314-cp314-manylinux2014_aarch64.manylinux_2_17_aarch64.whl", hash = "sha256:1c92feb289e34ac323a7b62b91d230a4e32b44059c4d7fb95631e504b1d9b365", size = 12710845, upload-time = "2026-03-02T09:26:33.165Z" },
    { url = "https://files.pythonhosted.org/packages/00/a4/6fb0054bfb2522c4ad3ff82ecbc9c1a3c6694c50d24f2451717121636a1d/pygame_ce-2.5.7-cp314-cp314-manylinux2014_x86_64.manylinux_2_17_x86_64.whl", hash = "sha256:5c1ed4100311015cc67d24fe4e4d7c2f4cb25c34e043545061271c1d018c02d4", size = 12812020, upload-time = "2026-03-02T09:26:35.953Z" },
    { url = "https://files.pythonhosted.org/packages/a2/9b/0e0996573a9dd4bb34874c10643224a72372818242e07486c9eb4a22eebb/pygame_ce-2.5.7-cp314-cp314-win32.whl", hash = "sha256:1b7e641af3aeac92bb7e4df1402d6802271f4bd09c747d2665f154ef9b07a4e6", size = 9968590, upload-time = "2026-03-02T09:26:38.517Z" },
    { url = "https://files.pythonhosted.org/packages/96/96/c94d0e508954093e37a77b03101a3cf51a242e02cc0ec726edcb117f8885/pygame_ce-2.5.7-cp314-cp314-win_amd64.whl", hash = "sha256:595f4257c15fed11cd816ae0bfabad3d99f8f04a000d7d164a22c0f9afd6cb65", size = 10581240, upload-time = "2026-03-02T09:26:41.139Z" },
    { url = "https://files.pythonhosted.org/packages/81/bb/93c5dadb66ac9733ca52952e063cce117a9312d6f97facd5dc4932f3d777/pygame_ce-2.5.7-cp314-cp314-win_arm64.whl", hash = "sha256:3e6ce74fd5a5f146f1bcf0224ae3e880c733917a9edbb53f790329d235520433", size = 11057480, upload-time = "2026-03-02T09:26:43.871Z" },
]

[[package]]
name = "pygbag"
version = "0.9.2"
source = { registry = "https://pypi.org/simple" }
sdist = { url = "https://files.pythonhosted.org/packages/5a/27/d6d9cf9c0831481b94606652c0861667d9254aecc59c0f1db0f948a126fe/pygbag-0.9.2.tar.gz", hash = "sha256:0e31860742a8ba9c527135cbb6d64f6d7d8d7b23b71ee87a15f1de9474690c25", size = 152074, upload-time = "2024-08-18T22:45:38.498Z" }
wheels = [
    { url = "https://files.pythonhosted.org/packages/3a/19/6c4b2a515651849138cef43d878eba9a4f8e39113499a99e7c3d97890c5e/pygbag-0.9.2-py3-none-any.whl", hash = "sha256:3a60a80cc28ed21e3d5d98c08a5d8f857911e38e411b6e590ba640158e8656c1", size = 171937, upload-time = "2024-08-18T22:45:36.536Z" },
]

[[package]]
name = "ruff"
version = "0.16.1"
source = { registry = "https://pypi.org/simple" }
sdist = { url = "https://files.pythonhosted.org/packages/70/25/7113f6d5498888c5fb7db34081cba7d5971c4cb1bfb26819966eee68f003/ruff-0.16.1.tar.gz", hash = "sha256:fedad7c801dabd3fb9741d76aca39246e6ddd9ca446a015875207bf19f1e6bc7", size = 4877500, upload-time = "2026-07-30T19:37:01.379Z" }
wheels = [
    { url = "https://files.pythonhosted.org/packages/1b/bd/694da69368e0973de65df2ddc73ab18d43c469d5963d9b150911de6bc513/ruff-0.16.1-py3-none-linux_armv6l.whl", hash = "sha256:58edb313b88f0c5460a26adf5f39a37a3be789494a15e3e411e35fa78b89f9a0", size = 10839126, upload-time = "2026-07-30T19:36:13.697Z" },
    { url = "https://files.pythonhosted.org/packages/3f/f0/b626e5d5bd0dd9576263658ef12885e2288afd1029a48e26ffed65ec1ac1/ruff-0.16.1-py3-none-macosx_10_12_x86_64.whl", hash = "sha256:fde5a99e2f97479af66edd6622c6d5a2a7592c77cf4153d9e4428f5eeb55b60c", size = 11070253, upload-time = "2026-07-30T19:36:17.14Z" },
    { url = "https://files.pythonhosted.org/packages/83/63/f40acfb6b35b88623e71684942b552c3edd96035f5d98f313815f7b277de/ruff-0.16.1-py3-none-macosx_11_0_arm64.whl", hash = "sha256:e0d4c20532fca4f7fa609369161d968dd28f65d83dabbd61d8e9c7edbf7001f6", size = 10561425, upload-time = "2026-07-30T19:36:20.04Z" },
    { url = "https://files.pythonhosted.org/packages/aa/dd/14ec0e9c2b4d315547dd38765004b4863e354e1b52cb308272215d9f6f6d/ruff-0.16.1-py3-none-manylinux_2_17_aarch64.manylinux2014_aarch64.whl", hash = "sha256:30affbcedf59ad5703d9c91f82266e02b47739f797e1a7b6e158e5526a6dae38", size = 10948879, upload-time = "2026-07-30T19:36:22.476Z" },
    { url = "https://files.pythonhosted.org/packages/33/e9/9d870cbae575030fdef595f04b4b97573c525b5497cce4f4498cf2f85446/ruff-0.16.1-py3-none-manylinux_2_17_armv7l.manylinux2014_armv7l.whl", hash = "sha256:24e9c631573cbca9d20f1283f8f479b2afa4a8503504822bd71a293889f16743", size = 10643691, upload-time = "2026-07-30T19:36:24.914Z" },
    { url = "https://files.pythonhosted.org/packages/c4/09/12743d544e2173f53ecd27217c65f90d2bc0f8424a66a60339e56bbc0457/ruff-0.16.1-py3-none-manylinux_2_17_i686.manylinux2014_i686.whl", hash = "sha256:b41bdd48fb420987a9b5212e4957c26ad4abce401fa9ea9d4d85843727945f4f", size = 11435354, upload-time = "2026-07-30T19:36:28.447Z" },
    { url = "https://files.pythonhosted.org/packages/7f/89/a1652b2daee52083c9554a6333b678a8b01d0400f976827bb87857f9449a/ruff-0.16.1-py3-none-manylinux_2_17_ppc64le.manylinux2014_ppc64le.whl", hash = "sha256:b0d1e1393b7648079e13669de1c1f4fde06d4583e84d8fd5c1551e0a77a2aa75", size = 12259033, upload-time = "2026-07-30T19:36:31.326Z" },
    { url = "https://files.pythonhosted.org/packages/16/96/ecdcb8c54ee7b123b487f807eb014e6e019155a0b81dfb669acd52f28ce3/ruff-0.16.1-py3-none-manylinux_2_17_s390x.manylinux2014_s390x.whl", hash = "sha256:07bf434b1c95f4e093be4532068ef4fcf00924eb2ade8796075980902d6fd54a", size = 11667981, upload-time = "2026-07-30T19:36:34.394Z" },
    { url = "https://files.pythonhosted.org/packages/cd/90/c52e12e0d862e9572f2a33aa227409143520abe53111e9a6babbac7b4af8/ruff-0.16.1-py3-none-manylinux_2_17_x86_64.manylinux2014_x86_64.whl", hash = "sha256:39897739f112253ee4fdd2e8aa9a4f9ded99fb2be367d5f31dfa4ded6025584c", size = 11468183, upload-time = "2026-07-30T19:36:37.339Z" },
    { url = "https://files.pythonhosted.org/packages/2c/6b/4ffb7ad1d83eb16cf8cbb3c8815d3f11c88460fd162d4b372a2059be1c2a/ruff-0.16.1-py3-none-manylinux_2_31_riscv64.whl", hash = "sha256:82ae3c0c0d74daf17b968a10b7b3bb3ef297ab7de0c1f749646b25e690ccb150", size = 11470071, upload-time = "2026-07-30T19:36:39.91Z" },
    { url = "https://files.pythonhosted.org/packages/9c/72/32ae7db4c0b5e32ab611787caa19d1546800676d79f7483b7100a3561bf4/ruff-0.16.1-py3-none-musllinux_1_2_aarch64.whl", hash = "sha256:4d5f2ed10f8242d83fc08d521301089364e3375375705356f20c0e31606ef3ef", size = 10919503, upload-time = "2026-07-30T19:36:42.65Z" },
    { url = "https://files.pythonhosted.org/packages/f7/ca/3d901ba6ad6fc38da39c3448fc6c59ac945679293a17c3ceb6d6c1cba13e/ruff-0.16.1-py3-none-musllinux_1_2_armv7l.whl", hash = "sha256:a4665b309891f83f3e3c25447935f1213e9abbd4b5640af7a1f2def9f8d413c1", size = 10649861, upload-time = "2026-07-30T19:36:45.18Z" },
    { url = "https://files.pythonhosted.org/packages/92/79/894ef1ced26552d5f8c9cf6d85b0687840e1128c55aeab7b9c2d54a0d880/ruff-0.16.1-py3-none-musllinux_1_2_i686.whl", hash = "sha256:26e9ca5c9bc3971f20d3cf18a957f52ffd6a5f6564ff15c4912a144dcac22494", size = 11148137, upload-time = "2026-07-30T19:36:47.936Z" },
    { url = "https://files.pythonhosted.org/packages/2d/69/3609a09fa1cb46cc28b762363e440a354204e5dff01bd0c8d7437874d6b9/ruff-0.16.1-py3-none-musllinux_1_2_x86_64.whl", hash = "sha256:67e1e1e3fa4f0c82f0e36d4cd61e661f6e7a6196cb1aa92fe0828fa7b8f257cd", size = 11559211, upload-time = "2026-07-30T19:36:50.448Z" },
    { url = "https://files.pythonhosted.org/packages/fc/8a/fb22af2fd78a736e241fabf67e30ce1799a64244026377a49e133af90762/ruff-0.16.1-py3-none-win32.whl", hash = "sha256:d31765e131295b8445caf301e3e8a85b34d1b9b211b4109b7ba457888b051806", size = 10838258, upload-time = "2026-07-30T19:36:53.298Z" },
    { url = "https://files.pythonhosted.org/packages/d4/35/e57fd9fb5d423961df087a00b12d42c0a830288dc2f3b45ecca299158b4f/ruff-0.16.1-py3-none-win_amd64.whl", hash = "sha256:09b05e8b90c2cb06ad63464350e7a45e8e44a2dfe52072ebfba6666ca8d3f596", size = 11961111, upload-time = "2026-07-30T19:36:56.107Z" },
    { url = "https://files.pythonhosted.org/packages/cb/46/240ea004bf6dc4feb40e9832f2205a476a47dd5b8a3f8211a5fc5f95e20e/ruff-0.16.1-py3-none-win_arm64.whl", hash = "sha256:dbaadaac38c70239f056d306b7476f246b0bf000fa6b3876402acbf5b227eaf8", size = 11309414, upload-time = "2026-07-30T19:36:58.79Z" },
]
